// !$*UTF8*$!
{
	archiveVersion = 1;
	classes = {
	};
	objectVersion = 55;
	objects = {

/* Begin PBXBuildFile section */
		6A94731628113E6D00EAAB07 /* PiPSampleBufferViewController.swift in Sources */ = {isa = PBXBuildFile; fileRef = 6A94731528113E6D00EAAB07 /* PiPSampleBufferViewController.swift */; };
		6AB849C128158FE9005BE6C9 /* Videos.swift in Sources */ = {isa = PBXBuildFile; fileRef = 6AB849C028158FE9005BE6C9 /* Videos.swift */; };
		6AB849C328159047005BE6C9 /* PiPAVPlayerViewController.swift in Sources */ = {isa = PBXBuildFile; fileRef = 6AB849C228159047005BE6C9 /* PiPAVPlayerViewController.swift */; };
		6AB849C62815972A005BE6C9 /* TableViewCell.swift in Sources */ = {isa = PBXBuildFile; fileRef = 6AB849C52815972A005BE6C9 /* TableViewCell.swift */; };
		6ACC9F9A27F97A0C00F71936 /* AppDelegate.swift in Sources */ = {isa = PBXBuildFile; fileRef = 6ACC9F9927F97A0C00F71936 /* AppDelegate.swift */; };
		6ACC9F9E27F97A0C00F71936 /* ViewController.swift in Sources */ = {isa = PBXBuildFile; fileRef = 6ACC9F9D27F97A0C00F71936 /* ViewController.swift */; };
		6ACC9FA127F97A0C00F71936 /* Main.storyboard in Resources */ = {isa = PBXBuildFile; fileRef = 6ACC9F9F27F97A0C00F71936 /* Main.storyboard */; };
		6ACC9FA327F97A0D00F71936 /* Assets.xcassets in Resources */ = {isa = PBXBuildFile; fileRef = 6ACC9FA227F97A0D00F71936 /* Assets.xcassets */; };
		6ACC9FA627F97A0D00F71936 /* LaunchScreen.storyboard in Resources */ = {isa = PBXBuildFile; fileRef = 6ACC9FA427F97A0D00F71936 /* LaunchScreen.storyboard */; };
/* End PBXBuildFile section */

/* Begin PBXFileReference section */
		6A94731528113E6D00EAAB07 /* PiPSampleBufferViewController.swift */ = {isa = PBXFileReference; lastKnownFileType = sourcecode.swift; path = PiPSampleBufferViewController.swift; sourceTree = "<group>"; };
		6AB849C028158FE9005BE6C9 /* Videos.swift */ = {isa = PBXFileReference; lastKnownFileType = sourcecode.swift; path = Videos.swift; sourceTree = "<group>"; };
		6AB849C228159047005BE6C9 /* PiPAVPlayerViewController.swift */ = {isa = PBXFileReference; lastKnownFileType = sourcecode.swift; path = PiPAVPlayerViewController.swift; sourceTree = "<group>"; };
		6AB849C52815972A005BE6C9 /* TableViewCell.swift */ = {isa = PBXFileReference; lastKnownFileType = sourcecode.swift; path = TableViewCell.swift; sourceTree = "<group>"; };
		6ACC9F9627F97A0C00F71936 /* PiPPlayerWithSwift.app */ = {isa = PBXFileReference; explicitFileType = wrapper.application; includeInIndex = 0; path = PiPPlayerWithSwift.app; sourceTree = BUILT_PRODUCTS_DIR; };
		6ACC9F9927F97A0C00F71936 /* AppDelegate.swift */ = {isa = PBXFileReference; lastKnownFileType = sourcecode.swift; path = AppDelegate.swift; sourceTree = "<group>"; };
		6ACC9F9D27F97A0C00F71936 /* ViewController.swift */ = {isa = PBXFileReference; lastKnownFileType = sourcecode.swift; path = ViewController.swift; sourceTree = "<group>"; };
		6ACC9FA027F97A0C00F71936 /* Base */ = {isa = PBXFileReference; lastKnownFileType = file.storyboard; name = Base; path = Base.lproj/Main.storyboard; sourceTree = "<group>"; };
		6ACC9FA227F97A0D00F71936 /* Assets.xcassets */ = {isa = PBXFileReference; lastKnownFileType = folder.assetcatalog; path = Assets.xcassets; sourceTree = "<group>"; };
		6ACC9FA527F97A0D00F71936 /* Base */ = {isa = PBXFileReference; lastKnownFileType = file.storyboard; name = Base; path = Base.lproj/LaunchScreen.storyboard; sourceTree = "<group>"; };
		6ACC9FA727F97A0D00F71936 /* Info.plist */ = {isa = PBXFileReference; lastKnownFileType = text.plist.xml; path = Info.plist; sourceTree = "<group>"; };
/* End PBXFileReference section */

/* Begin PBXFrameworksBuildPhase section */
		6ACC9F9327F97A0C00F71936 /* Frameworks */ = {
			isa = PBXFrameworksBuildPhase;
			buildActionMask = 2147483647;
			files = (
			);
			runOnlyForDeploymentPostprocessing = 0;
		};
/* End PBXFrameworksBuildPhase section */

/* Begin PBXGroup section */
		6AB849BE28158FCA005BE6C9 /* Model */ = {
			isa = PBXGroup;
			children = (
				6AB849C028158FE9005BE6C9 /* Videos.swift */,
			);
			path = Model;
			sourceTree = "<group>";
		};
		6AB849BF28158FD4005BE6C9 /* Controller */ = {
			isa = PBXGroup;
			children = (
				6ACC9F9D27F97A0C00F71936 /* ViewController.swift */,
				6A94731528113E6D00EAAB07 /* PiPSampleBufferViewController.swift */,
				6AB849C228159047005BE6C9 /* PiPAVPlayerViewController.swift */,
			);
			path = Controller;
			sourceTree = "<group>";
		};
		6AB849C42815971A005BE6C9 /* View */ = {
			isa = PBXGroup;
			children = (
				6AB849C52815972A005BE6C9 /* TableViewCell.swift */,
			);
			path = View;
			sourceTree = "<group>";
		};
		6ACC9F8D27F97A0C00F71936 = {
			isa = PBXGroup;
			children = (
				6ACC9F9827F97A0C00F71936 /* PiPPlayerWithSwift */,
				6ACC9F9727F97A0C00F71936 /* Products */,
			);
			sourceTree = "<group>";
		};
		6ACC9F9727F97A0C00F71936 /* Products */ = {
			isa = PBXGroup;
			children = (
				6ACC9F9627F97A0C00F71936 /* PiPPlayerWithSwift.app */,
			);
			name = Products;
			sourceTree = "<group>";
		};
		6ACC9F9827F97A0C00F71936 /* PiPPlayerWithSwift */ = {
			isa = PBXGroup;
			children = (
				6AB849C42815971A005BE6C9 /* View */,
				6AB849BF28158FD4005BE6C9 /* Controller */,
				6AB849BE28158FCA005BE6C9 /* Model */,
				6ACC9F9927F97A0C00F71936 /* AppDelegate.swift */,
				6ACC9F9F27F97A0C00F71936 /* Main.storyboard */,
				6ACC9FA227F97A0D00F71936 /* Assets.xcassets */,
				6ACC9FA427F97A0D00F71936 /* LaunchScreen.storyboard */,
				6ACC9FA727F97A0D00F71936 /* Info.plist */,
			);
			path = PiPPlayerWithSwift;
			sourceTree = "<group>";
		};
/* End PBXGroup section */

/* Begin PBXNativeTarget section */
		6ACC9F9527F97A0C00F71936 /* PiPPlayerWithSwift */ = {
			isa = PBXNativeTarget;
			buildConfigurationList = 6ACC9FAA27F97A0D00F71936 /* Build configuration list for PBXNativeTarget "PiPPlayerWithSwift" */;
			buildPhases = (
				6ACC9F9227F97A0C00F71936 /* Sources */,
				6ACC9F9327F97A0C00F71936 /* Frameworks */,
				6ACC9F9427F97A0C00F71936 /* Resources */,
			);
			buildRules = (
			);
			dependencies = (
			);
			name = PiPPlayerWithSwift;
			productName = PiPPlayerWithSwift;
			productReference = 6ACC9F9627F97A0C00F71936 /* PiPPlayerWithSwift.app */;
			productType = "com.apple.product-type.application";
		};
/* End PBXNativeTarget section */

/* Begin PBXProject section */
		6ACC9F8E27F97A0C00F71936 /* Project object */ = {
			isa = PBXProject;
			attributes = {
				BuildIndependentTargetsInParallel = 1;
				LastSwiftUpdateCheck = 1320;
				LastUpgradeCheck = 1320;
				TargetAttributes = {
					6ACC9F9527F97A0C00F71936 = {
						CreatedOnToolsVersion = 13.2.1;
					};
				};
			};
			buildConfigurationList = 6ACC9F9127F97A0C00F71936 /* Build configuration list for PBXProject "PiPPlayerWithSwift" */;
			compatibilityVersion = "Xcode 13.0";
			developmentRegion = en;
			hasScannedForEncodings = 0;
			knownRegions = (
				en,
				Base,
			);
			mainGroup = 6ACC9F8D27F97A0C00F71936;
			productRefGroup = 6ACC9F9727F97A0C00F71936 /* Products */;
			projectDirPath = "";
			projectRoot = "";
			targets = (
				6ACC9F9527F97A0C00F71936 /* PiPPlayerWithSwift */,
			);
		};
/* End PBXProject section */

/* Begin PBXResourcesBuildPhase section */
		6ACC9F9427F97A0C00F71936 /* Resources */ = {
			isa = PBXResourcesBuildPhase;
			buildActionMask = 2147483647;
			files = (
				6ACC9FA627F97A0D00F71936 /* LaunchScreen.storyboard in Resources */,
				6ACC9FA327F97A0D00F71936 /* Assets.xcassets in Resources */,
				6ACC9FA127F97A0C00F71936 /* Main.storyboard in Resources */,
			);
			runOnlyForDeploymentPostprocessing = 0;
		};
/* End PBXResourcesBuildPhase section */

/* Begin PBXSourcesBuildPhase section */
		6ACC9F9227F97A0C00F71936 /* Sources */ = {
			isa = PBXSourcesBuildPhase;
			buildActionMask = 2147483647;
			files = (
				6A94731628113E6D00EAAB07 /* PiPSampleBufferViewController.swift in Sources */,
				6ACC9F9E27F97A0C00F71936 /* ViewController.swift in Sources */,
				6AB849C328159047005BE6C9 /* PiPAVPlayerViewController.swift in Sources */,
				6ACC9F9A27F97A0C00F71936 /* AppDelegate.swift in Sources */,
				6AB849C128158FE9005BE6C9 /* Videos.swift in Sources */,
				6AB849C62815972A005BE6C9 /* TableViewCell.swift in Sources */,
			);
			runOnlyForDeploymentPostprocessing = 0;
		};
/* End PBXSourcesBuildPhase section */

/* Begin PBXVariantGroup section */
		6ACC9F9F27F97A0C00F71936 /* Main.storyboard */ = {
			isa = PBXVariantGroup;
			children = (
				6ACC9FA027F97A0C00F71936 /* Base */,
			);
			name = Main.storyboard;
			sourceTree = "<group>";
		};
		6ACC9FA427F97A0D00F71936 /* LaunchScreen.storyboard */ = {
			isa = PBXVariantGroup;
			children = (
				6ACC9FA527F97A0D00F71936 /* Base */,
			);
			name = LaunchScreen.storyboard;
			sourceTree = "<group>";
		};
/* End PBXVariantGroup section */

/* Begin XCBuildConfiguration section */
		6ACC9FA827F97A0D00F71936 /* Debug */ = {
			isa = XCBuildConfiguration;
			buildSettings = {
				ALWAYS_SEARCH_USER_PATHS = NO;
				CLANG_ANALYZER_NONNULL = YES;
				CLANG_ANALYZER_NUMBER_OBJECT_CONVERSION = YES_AGGRESSIVE;
				CLANG_CXX_LANGUAGE_STANDARD = "gnu++17";
				CLANG_CXX_LIBRARY = "libc++";
				CLANG_ENABLE_MODULES = YES;
				CLANG_ENABLE_OBJC_ARC = YES;
				CLANG_ENABLE_OBJC_WEAK = YES;
				CLANG_WARN_BLOCK_CAPTURE_AUTORELEASING = YES;
				CLANG_WARN_BOOL_CONVERSION = YES;
				CLANG_WARN_COMMA = YES;
				CLANG_WARN_CONSTANT_CONVERSION = YES;
				CLANG_WARN_DEPRECATED_OBJC_IMPLEMENTATIONS = YES;
				CLANG_WARN_DIRECT_OBJC_ISA_USAGE = YES_ERROR;
				CLANG_WARN_DOCUMENTATION_COMMENTS = YES;
				CLANG_WARN_EMPTY_BODY = YES;
				CLANG_WARN_ENUM_CONVERSION = YES;
				CLANG_WARN_INFINITE_RECURSION = YES;
				CLANG_WARN_INT_CONVERSION = YES;
				CLANG_WARN_NON_LITERAL_NULL_CONVERSION = YES;
				CLANG_WARN_OBJC_IMPLICIT_RETAIN_SELF = YES;
				CLANG_WARN_OBJC_LITERAL_CONVERSION = YES;
				CLANG_WARN_OBJC_ROOT_CLASS = YES_ERROR;
				CLANG_WARN_QUOTED_INCLUDE_IN_FRAMEWORK_HEADER = YES;
				CLANG_WARN_RANGE_LOOP_ANALYSIS = YES;
				CLANG_WARN_STRICT_PROTOTYPES = YES;
				CLANG_WARN_SUSPICIOUS_MOVE = YES;
				CLANG_WARN_UNGUARDED_AVAILABILITY = YES_AGGRESSIVE;
				CLANG_WARN_UNREACHABLE_CODE = YES;
				CLANG_WARN__DUPLICATE_METHOD_MATCH = YES;
				COPY_PHASE_STRIP = NO;
				DEBUG_INFORMATION_FORMAT = dwarf;
				ENABLE_STRICT_OBJC_MSGSEND = YES;
				ENABLE_TESTABILITY = YES;
				GCC_C_LANGUAGE_STANDARD = gnu11;
				GCC_DYNAMIC_NO_PIC = NO;
				GCC_NO_COMMON_BLOCKS = YES;
				GCC_OPTIMIZATION_LEVEL = 0;
				GCC_PREPROCESSOR_DEFINITIONS = (
					"DEBUG=1",
					"$(inherited)",
				);
				GCC_WARN_64_TO_32_BIT_CONVERSION = YES;
				GCC_WARN_ABOUT_RETURN_TYPE = YES_ERROR;
				GCC_WARN_UNDECLARED_SELECTOR = YES;
				GCC_WARN_UNINITIALIZED_AUTOS = YES_AGGRESSIVE;
				GCC_WARN_UNUSED_FUNCTION = YES;
				GCC_WARN_UNUSED_VARIABLE = YES;
				IPHONEOS_DEPLOYMENT_TARGET = 15.2;
				MTL_ENABLE_DEBUG_INFO = INCLUDE_SOURCE;
				MTL_FAST_MATH = YES;
				ONLY_ACTIVE_ARCH = YES;
				SDKROOT = iphoneos;
				SWIFT_ACTIVE_COMPILATION_CONDITIONS = DEBUG;
				SWIFT_OPTIMIZATION_LEVEL = "-Onone";
			};
			name = Debug;
		};
		6ACC9FA927F97A0D00F71936 /* Release */ = {
			isa = XCBuildConfiguration;
			buildSettings = {
				ALWAYS_SEARCH_USER_PATHS = NO;
				CLANG_ANALYZER_NONNULL = YES;
				CLANG_ANALYZER_NUMBER_OBJECT_CONVERSION = YES_AGGRESSIVE;
				CLANG_CXX_LANGUAGE_STANDARD = "gnu++17";
				CLANG_CXX_LIBRARY = "libc++";
				CLANG_ENABLE_MODULES = YES;
				CLANG_ENABLE_OBJC_ARC = YES;
				CLANG_ENABLE_OBJC_WEAK = YES;
				CLANG_WARN_BLOCK_CAPTURE_AUTORELEASING = YES;
				CLANG_WARN_BOOL_CONVERSION = YES;
				CLANG_WARN_COMMA = YES;
				CLANG_WARN_CONSTANT_CONVERSION = YES;
				CLANG_WARN_DEPRECATED_OBJC_IMPLEMENTATIONS = YES;
				CLANG_WARN_DIRECT_OBJC_ISA_USAGE = YES_ERROR;
				CLANG_WARN_DOCUMENTATION_COMMENTS = YES;
				CLANG_WARN_EMPTY_BODY = YES;
				CLANG_WARN_ENUM_CONVERSION = YES;
				CLANG_WARN_INFINITE_RECURSION = YES;
				CLANG_WARN_INT_CONVERSION = YES;
				CLANG_WARN_NON_LITERAL_NULL_CONVERSION = YES;
				CLANG_WARN_OBJC_IMPLICIT_RETAIN_SELF = YES;
				CLANG_WARN_OBJC_LITERAL_CONVERSION = YES;
				CLANG_WARN_OBJC_ROOT_CLASS = YES_ERROR;
				CLANG_WARN_QUOTED_INCLUDE_IN_FRAMEWORK_HEADER = YES;
				CLANG_WARN_RANGE_LOOP_ANALYSIS = YES;
				CLANG_WARN_STRICT_PROTOTYPES = YES;
				CLANG_WARN_SUSPICIOUS_MOVE = YES;
				CLANG_WARN_UNGUARDED_AVAILABILITY = YES_AGGRESSIVE;
				CLANG_WARN_UNREACHABLE_CODE = YES;
				CLANG_WARN__DUPLICATE_METHOD_MATCH = YES;
				COPY_PHASE_STRIP = NO;
				DEBUG_INFORMATION_FORMAT = "dwarf-with-dsym";
				ENABLE_NS_ASSERTIONS = NO;
				ENABLE_STRICT_OBJC_MSGSEND = YES;
				GCC_C_LANGUAGE_STANDARD = gnu11;
				GCC_NO_COMMON_BLOCKS = YES;
				GCC_WARN_64_TO_32_BIT_CONVERSION = YES;
				GCC_WARN_ABOUT_RETURN_TYPE = YES_ERROR;
				GCC_WARN_UNDECLARED_SELECTOR = YES;
				GCC_WARN_UNINITIALIZED_AUTOS = YES_AGGRESSIVE;
				GCC_WARN_UNUSED_FUNCTION = YES;
				GCC_WARN_UNUSED_VARIABLE = YES;
				IPHONEOS_DEPLOYMENT_TARGET = 15.2;
				MTL_ENABLE_DEBUG_INFO = NO;
				MTL_FAST_MATH = YES;
				SDKROOT = iphoneos;
				SWIFT_COMPILATION_MODE = wholemodule;
				SWIFT_OPTIMIZATION_LEVEL = "-O";
				VALIDATE_PRODUCT = YES;
			};
			name = Release;
		};
		6ACC9FAB27F97A0D00F71936 /* Debug */ = {
			isa = XCBuildConfiguration;
			buildSettings = {
				ASSETCATALOG_COMPILER_APPICON_NAME = AppIcon;
				ASSETCATALOG_COMPILER_GLOBAL_ACCENT_COLOR_NAME = AccentColor;
				CODE_SIGN_STYLE = Automatic;
				CURRENT_PROJECT_VERSION = 1;
				DEVELOPMENT_TEAM = "";
				GENERATE_INFOPLIST_FILE = YES;
				INFOPLIST_FILE = PiPPlayerWithSwift/Info.plist;
				INFOPLIST_KEY_UIApplicationSupportsIndirectInputEvents = YES;
				INFOPLIST_KEY_UILaunchStoryboardName = LaunchScreen;
				INFOPLIST_KEY_UIMainStoryboardFile = Main;
				INFOPLIST_KEY_UISupportedInterfaceOrientations_iPad = "UIInterfaceOrientationPortrait UIInterfaceOrientationPortraitUpsideDown UIInterfaceOrientationLandscapeLeft UIInterfaceOrientationLandscapeRight";
				INFOPLIST_KEY_UISupportedInterfaceOrientations_iPhone = "UIInterfaceOrientationPortrait UIInterfaceOrientationLandscapeLeft UIInterfaceOrientationLandscapeRight";
				LD_RUNPATH_SEARCH_PATHS = (
					"$(inherited)",
					"@executable_path/Frameworks",
				);
				MARKETING_VERSION = 1.0;
				PRODUCT_BUNDLE_IDENTIFIER = hyerikim.com.PiPPlayerWithSwift;
				PRODUCT_NAME = "$(TARGET_NAME)";
				SWIFT_EMIT_LOC_STRINGS = YES;
				SWIFT_VERSION = 5.0;
				TARGETED_DEVICE_FAMILY = "1,2";
			};
			name = Debug;
		};
		6ACC9FAC27F97A0D00F71936 /* Release */ = {
			isa = XCBuildConfiguration;
			buildSettings = {
				ASSETCATALOG_COMPILER_APPICON_NAME = AppIcon;
				ASSETCATALOG_COMPILER_GLOBAL_ACCENT_COLOR_NAME = AccentColor;
				CODE_SIGN_STYLE = Automatic;
				CURRENT_PROJECT_VERSION = 1;
				DEVELOPMENT_TEAM = "";
				GENERATE_INFOPLIST_FILE = YES;
				INFOPLIST_FILE = PiPPlayerWithSwift/Info.plist;
				INFOPLIST_KEY_UIApplicationSupportsIndirectInputEvents = YES;
				INFOPLIST_KEY_UILaunchStoryboardName = LaunchScreen;
				INFOPLIST_KEY_UIMainStoryboardFile = Main;
				INFOPLIST_KEY_UISupportedInterfaceOrientations_iPad = "UIInterfaceOrientationPortrait UIInterfaceOrientationPortraitUpsideDown UIInterfaceOrientationLandscapeLeft UIInterfaceOrientationLandscapeRight";
				INFOPLIST_KEY_UISupportedInterfaceOrientations_iPhone = "UIInterfaceOrientationPortrait UIInterfaceOrientationLandscapeLeft UIInterfaceOrientationLandscapeRight";
				LD_RUNPATH_SEARCH_PATHS = (
					"$(inherited)",
					"@executable_path/Frameworks",
				);
				MARKETING_VERSION = 1.0;
				PRODUCT_BUNDLE_IDENTIFIER = hyerikim.com.PiPPlayerWithSwift;
				PRODUCT_NAME = "$(TARGET_NAME)";
				SWIFT_EMIT_LOC_STRINGS = YES;
				SWIFT_VERSION = 5.0;
				TARGETED_DEVICE_FAMILY = "1,2";
			};
			name = Release;
		};
/* End XCBuildConfiguration section */

/* Begin XCConfigurationList section */
		6ACC9F9127F97A0C00F71936 /* Build configuration list for PBXProject "PiPPlayerWithSwift" */ = {
			isa = XCConfigurationList;
			buildConfigurations = (
				6ACC9FA827F97A0D00F71936 /* Debug */,
				6ACC9FA927F97A0D00F71936 /* Release */,
			);
			defaultConfigurationIsVisible = 0;
			defaultConfigurationName = Release;
		};
		6ACC9FAA27F97A0D00F71936 /* Build configuration list for PBXNativeTarget "PiPPlayerWithSwift" */ = {
			isa = XCConfigurationList;
			buildConfigurations = (
				6ACC9FAB27F97A0D00F71936 /* Debug */,
				6ACC9FAC27F97A0D00F71936 /* Release */,
			);
			defaultConfigurationIsVisible = 0;
			defaultConfigurationName = Release;
		};
/* End XCConfigurationList section */
	};
	rootObject = 6ACC9F8E27F97A0C00F71936 /* Project object */;
}
